
Microsoft Visual Studio Solution File, Format Version 12.00
# Visual Studio Version 17
VisualStudioVersion = 17.5.002.0
MinimumVisualStudioVersion = 10.0.40219.1
Project("{9A19103F-16F7-4668-BE54-9A1E7A4F7556}") = "ifandelse", "ifandelse.csproj", "{F88A5202-886F-44FC-AD66-31722310D6BA}"
EndProject
Global
	GlobalSection(SolutionConfigurationPlatforms) = preSolution
		Debug|Any CPU = Debug|Any CPU
		Release|Any CPU = Release|Any CPU
	EndGlobalSection
	GlobalSection(ProjectConfigurationPlatforms) = postSolution
		{F88A5202-886F-44FC-AD66-31722310D6BA}.Debug|Any CPU.ActiveCfg = Debug|Any CPU
		{F88A5202-886F-44FC-AD66-31722310D6BA}.Debug|Any CPU.Build.0 = Debug|Any CPU
		{F88A5202-886F-44FC-AD66-31722310D6BA}.Release|Any CPU.ActiveCfg = Release|Any CPU
		{F88A5202-886F-44FC-AD66-31722310D6BA}.Release|Any CPU.Build.0 = Release|Any CPU
	EndGlobalSection
	GlobalSection(SolutionProperties) = preSolution
		HideSolutionNode = FALSE
	EndGlobalSection
	GlobalSection(ExtensibilityGlobals) = postSolution
		SolutionGuid = {1001440A-0EB1-4B00-B5DF-0C7BAB567F11}
	EndGlobalSection
EndGlobal
